
Microsoft Visual Studio Solution File, Format Version 12.00
# Visual Studio Version 17
VisualStudioVersion = 17.14.37027.9
MinimumVisualStudioVersion = 10.0.40219.1
Project("{2150E333-8FDC-42A3-9474-1A3956D46DE8}") = "Assets", "Assets", "{FA392CE9-958F-4AAB-B804-74780A61AA73}"
EndProject
Project("{2150E333-8FDC-42A3-9474-1A3956D46DE8}") = "EnemyPaths", "EnemyPaths", "{E384EF84-AAE2-4C2D-8A97-BCF2C6D72BEC}"
	ProjectSection(SolutionItems) = preProject
		Assets\EnemyPaths\EnemyLinearPath.cs = Assets\EnemyPaths\EnemyLinearPath.cs
		Assets\EnemyPaths\EnemyLinearPathEditor.cs = Assets\EnemyPaths\EnemyLinearPathEditor.cs
		Assets\EnemyPaths\EnemyPathGraph.cs = Assets\EnemyPaths\EnemyPathGraph.cs
		Assets\EnemyPaths\EnemyPathGraphEditor.cs = Assets\EnemyPaths\EnemyPathGraphEditor.cs
	EndProjectSection
EndProject
Project("{2150E333-8FDC-42A3-9474-1A3956D46DE8}") = "Icons", "Icons", "{B30692DF-A257-41DE-8202-3097CC96E328}"
	ProjectSection(SolutionItems) = preProject
		Assets\Icons\eye_closed.png = Assets\Icons\eye_closed.png
		Assets\Icons\eye_open.png = Assets\Icons\eye_open.png
		Assets\Icons\lock_locked.png = Assets\Icons\lock_locked.png
		Assets\Icons\lock_unlocked.png = Assets\Icons\lock_unlocked.png
	EndProjectSection
EndProject
Global
	GlobalSection(SolutionProperties) = preSolution
		HideSolutionNode = FALSE
	EndGlobalSection
	GlobalSection(NestedProjects) = preSolution
		{E384EF84-AAE2-4C2D-8A97-BCF2C6D72BEC} = {FA392CE9-958F-4AAB-B804-74780A61AA73}
		{B30692DF-A257-41DE-8202-3097CC96E328} = {FA392CE9-958F-4AAB-B804-74780A61AA73}
	EndGlobalSection
EndGlobal
